
Microsoft Visual Studio Solution File, Format Version 12.00
# Visual Studio 14
VisualStudioVersion = 14.0.23107.0
MinimumVisualStudioVersion = 10.0.40219.1
Project("{FAE04EC0-301F-11D3-BF4B-00C04F79EFBC}") = "TcpListenerRTM", "TcpListenerRTM\TcpListenerRTM.csproj", "{45AC8C21-CD6D-4443-9498-4739EF30C408}"
EndProject
Project("{FAE04EC0-301F-11D3-BF4B-00C04F79EFBC}") = "RaspberryI2C", "I2C\RaspberryI2C.csproj", "{F762C473-8BB0-44F3-B010-DEF483C726B8}"
EndProject
Project("{FAE04EC0-301F-11D3-BF4B-00C04F79EFBC}") = "IoTGpio", "IoTGpio\IoTGpio.csproj", "{A309F4FA-6870-439D-97C5-6125ADBDFF5A}"
EndProject
Project("{FAE04EC0-301F-11D3-BF4B-00C04F79EFBC}") = "DistanceMeter", "DistanceMeter\DistanceMeter.csproj", "{EA8AAF2B-1567-4C12-9E5B-491D03C4D453}"
EndProject
Global
	GlobalSection(SolutionConfigurationPlatforms) = preSolution
		Debug|ARM = Debug|ARM
		Debug|x64 = Debug|x64
		Debug|x86 = Debug|x86
		Release|ARM = Release|ARM
		Release|x64 = Release|x64
		Release|x86 = Release|x86
	EndGlobalSection
	GlobalSection(ProjectConfigurationPlatforms) = postSolution
		{45AC8C21-CD6D-4443-9498-4739EF30C408}.Debug|ARM.ActiveCfg = Debug|ARM
		{45AC8C21-CD6D-4443-9498-4739EF30C408}.Debug|ARM.Build.0 = Debug|ARM
		{45AC8C21-CD6D-4443-9498-4739EF30C408}.Debug|ARM.Deploy.0 = Debug|ARM
		{45AC8C21-CD6D-4443-9498-4739EF30C408}.Debug|x64.ActiveCfg = Debug|x64
		{45AC8C21-CD6D-4443-9498-4739EF30C408}.Debug|x64.Build.0 = Debug|x64
		{45AC8C21-CD6D-4443-9498-4739EF30C408}.Debug|x64.Deploy.0 = Debug|x64
		{45AC8C21-CD6D-4443-9498-4739EF30C408}.Debug|x86.ActiveCfg = Debug|x86
		{45AC8C21-CD6D-4443-9498-4739EF30C408}.Debug|x86.Build.0 = Debug|x86
		{45AC8C21-CD6D-4443-9498-4739EF30C408}.Debug|x86.Deploy.0 = Debug|x86
		{45AC8C21-CD6D-4443-9498-4739EF30C408}.Release|ARM.ActiveCfg = Release|ARM
		{45AC8C21-CD6D-4443-9498-4739EF30C408}.Release|ARM.Build.0 = Release|ARM
		{45AC8C21-CD6D-4443-9498-4739EF30C408}.Release|ARM.Deploy.0 = Release|ARM
		{45AC8C21-CD6D-4443-9498-4739EF30C408}.Release|x64.ActiveCfg = Release|x64
		{45AC8C21-CD6D-4443-9498-4739EF30C408}.Release|x64.Build.0 = Release|x64
		{45AC8C21-CD6D-4443-9498-4739EF30C408}.Release|x64.Deploy.0 = Release|x64
		{45AC8C21-CD6D-4443-9498-4739EF30C408}.Release|x86.ActiveCfg = Release|x86
		{45AC8C21-CD6D-4443-9498-4739EF30C408}.Release|x86.Build.0 = Release|x86
		{45AC8C21-CD6D-4443-9498-4739EF30C408}.Release|x86.Deploy.0 = Release|x86
		{F762C473-8BB0-44F3-B010-DEF483C726B8}.Debug|ARM.ActiveCfg = Debug|ARM
		{F762C473-8BB0-44F3-B010-DEF483C726B8}.Debug|ARM.Build.0 = Debug|ARM
		{F762C473-8BB0-44F3-B010-DEF483C726B8}.Debug|ARM.Deploy.0 = Debug|ARM
		{F762C473-8BB0-44F3-B010-DEF483C726B8}.Debug|x64.ActiveCfg = Debug|x64
		{F762C473-8BB0-44F3-B010-DEF483C726B8}.Debug|x64.Build.0 = Debug|x64
		{F762C473-8BB0-44F3-B010-DEF483C726B8}.Debug|x64.Deploy.0 = Debug|x64
		{F762C473-8BB0-44F3-B010-DEF483C726B8}.Debug|x86.ActiveCfg = Debug|x86
		{F762C473-8BB0-44F3-B010-DEF483C726B8}.Debug|x86.Build.0 = Debug|x86
		{F762C473-8BB0-44F3-B010-DEF483C726B8}.Debug|x86.Deploy.0 = Debug|x86
		{F762C473-8BB0-44F3-B010-DEF483C726B8}.Release|ARM.ActiveCfg = Release|ARM
		{F762C473-8BB0-44F3-B010-DEF483C726B8}.Release|ARM.Build.0 = Release|ARM
		{F762C473-8BB0-44F3-B010-DEF483C726B8}.Release|ARM.Deploy.0 = Release|ARM
		{F762C473-8BB0-44F3-B010-DEF483C726B8}.Release|x64.ActiveCfg = Release|x64
		{F762C473-8BB0-44F3-B010-DEF483C726B8}.Release|x64.Build.0 = Release|x64
		{F762C473-8BB0-44F3-B010-DEF483C726B8}.Release|x64.Deploy.0 = Release|x64
		{F762C473-8BB0-44F3-B010-DEF483C726B8}.Release|x86.ActiveCfg = Release|x86
		{F762C473-8BB0-44F3-B010-DEF483C726B8}.Release|x86.Build.0 = Release|x86
		{F762C473-8BB0-44F3-B010-DEF483C726B8}.Release|x86.Deploy.0 = Release|x86
		{A309F4FA-6870-439D-97C5-6125ADBDFF5A}.Debug|ARM.ActiveCfg = Debug|ARM
		{A309F4FA-6870-439D-97C5-6125ADBDFF5A}.Debug|ARM.Build.0 = Debug|ARM
		{A309F4FA-6870-439D-97C5-6125ADBDFF5A}.Debug|ARM.Deploy.0 = Debug|ARM
		{A309F4FA-6870-439D-97C5-6125ADBDFF5A}.Debug|x64.ActiveCfg = Debug|x64
		{A309F4FA-6870-439D-97C5-6125ADBDFF5A}.Debug|x64.Build.0 = Debug|x64
		{A309F4FA-6870-439D-97C5-6125ADBDFF5A}.Debug|x64.Deploy.0 = Debug|x64
		{A309F4FA-6870-439D-97C5-6125ADBDFF5A}.Debug|x86.ActiveCfg = Debug|x86
		{A309F4FA-6870-439D-97C5-6125ADBDFF5A}.Debug|x86.Build.0 = Debug|x86
		{A309F4FA-6870-439D-97C5-6125ADBDFF5A}.Debug|x86.Deploy.0 = Debug|x86
		{A309F4FA-6870-439D-97C5-6125ADBDFF5A}.Release|ARM.ActiveCfg = Release|ARM
		{A309F4FA-6870-439D-97C5-6125ADBDFF5A}.Release|ARM.Build.0 = Release|ARM
		{A309F4FA-6870-439D-97C5-6125ADBDFF5A}.Release|ARM.Deploy.0 = Release|ARM
		{A309F4FA-6870-439D-97C5-6125ADBDFF5A}.Release|x64.ActiveCfg = Release|x64
		{A309F4FA-6870-439D-97C5-6125ADBDFF5A}.Release|x64.Build.0 = Release|x64
		{A309F4FA-6870-439D-97C5-6125ADBDFF5A}.Release|x64.Deploy.0 = Release|x64
		{A309F4FA-6870-439D-97C5-6125ADBDFF5A}.Release|x86.ActiveCfg = Release|x86
		{A309F4FA-6870-439D-97C5-6125ADBDFF5A}.Release|x86.Build.0 = Release|x86
		{A309F4FA-6870-439D-97C5-6125ADBDFF5A}.Release|x86.Deploy.0 = Release|x86
		{EA8AAF2B-1567-4C12-9E5B-491D03C4D453}.Debug|ARM.ActiveCfg = Debug|ARM
		{EA8AAF2B-1567-4C12-9E5B-491D03C4D453}.Debug|ARM.Build.0 = Debug|ARM
		{EA8AAF2B-1567-4C12-9E5B-491D03C4D453}.Debug|ARM.Deploy.0 = Debug|ARM
		{EA8AAF2B-1567-4C12-9E5B-491D03C4D453}.Debug|x64.ActiveCfg = Debug|x64
		{EA8AAF2B-1567-4C12-9E5B-491D03C4D453}.Debug|x64.Build.0 = Debug|x64
		{EA8AAF2B-1567-4C12-9E5B-491D03C4D453}.Debug|x64.Deploy.0 = Debug|x64
		{EA8AAF2B-1567-4C12-9E5B-491D03C4D453}.Debug|x86.ActiveCfg = Debug|x86
		{EA8AAF2B-1567-4C12-9E5B-491D03C4D453}.Debug|x86.Build.0 = Debug|x86
		{EA8AAF2B-1567-4C12-9E5B-491D03C4D453}.Debug|x86.Deploy.0 = Debug|x86
		{EA8AAF2B-1567-4C12-9E5B-491D03C4D453}.Release|ARM.ActiveCfg = Release|ARM
		{EA8AAF2B-1567-4C12-9E5B-491D03C4D453}.Release|ARM.Build.0 = Release|ARM
		{EA8AAF2B-1567-4C12-9E5B-491D03C4D453}.Release|ARM.Deploy.0 = Release|ARM
		{EA8AAF2B-1567-4C12-9E5B-491D03C4D453}.Release|x64.ActiveCfg = Release|x64
		{EA8AAF2B-1567-4C12-9E5B-491D03C4D453}.Release|x64.Build.0 = Release|x64
		{EA8AAF2B-1567-4C12-9E5B-491D03C4D453}.Release|x64.Deploy.0 = Release|x64
		{EA8AAF2B-1567-4C12-9E5B-491D03C4D453}.Release|x86.ActiveCfg = Release|x86
		{EA8AAF2B-1567-4C12-9E5B-491D03C4D453}.Release|x86.Build.0 = Release|x86
		{EA8AAF2B-1567-4C12-9E5B-491D03C4D453}.Release|x86.Deploy.0 = Release|x86
	EndGlobalSection
	GlobalSection(SolutionProperties) = preSolution
		HideSolutionNode = FALSE
	EndGlobalSection
EndGlobal
